
Microsoft Visual Studio Solution File, Format Version 12.00
# Visual Studio 15
VisualStudioVersion = 15.0.27428.2015
MinimumVisualStudioVersion = 10.0.40219.1
Project("{FAE04EC0-301F-11D3-BF4B-00C04F79EFBC}") = "Hola nombre", "Hola nombre\Hola nombre.csproj", "{0135FBE2-59D9-4A3C-9351-CCFB4FB6A720}"
EndProject
Global
	GlobalSection(SolutionConfigurationPlatforms) = preSolution
		Debug|Any CPU = Debug|Any CPU
		Release|Any CPU = Release|Any CPU
	EndGlobalSection
	GlobalSection(ProjectConfigurationPlatforms) = postSolution
		{0135FBE2-59D9-4A3C-9351-CCFB4FB6A720}.Debug|Any CPU.ActiveCfg = Debug|Any CPU
		{0135FBE2-59D9-4A3C-9351-CCFB4FB6A720}.Debug|Any CPU.Build.0 = Debug|Any CPU
		{0135FBE2-59D9-4A3C-9351-CCFB4FB6A720}.Release|Any CPU.ActiveCfg = Release|Any CPU
		{0135FBE2-59D9-4A3C-9351-CCFB4FB6A720}.Release|Any CPU.Build.0 = Release|Any CPU
	EndGlobalSection
	GlobalSection(SolutionProperties) = preSolution
		HideSolutionNode = FALSE
	EndGlobalSection
	GlobalSection(ExtensibilityGlobals) = postSolution
		SolutionGuid = {B31C86C6-18EF-486B-9AEE-3A9F0753585D}
	EndGlobalSection
EndGlobal
